// !$*UTF8*$!
{
	archiveVersion = 1;
	classes = {
	};
	objectVersion = 52;
	objects = {

/* Begin PBXBuildFile section */
		038365151A5A51D20081136D /* SecretBox.swift in Sources */ = {isa = PBXBuildFile; fileRef = 038365141A5A51D20081136D /* SecretBox.swift */; };
		091C7CDA1A507E95002E5351 /* ShortHash.swift in Sources */ = {isa = PBXBuildFile; fileRef = 091C7CD91A507E95002E5351 /* ShortHash.swift */; };
		091C7CDC1A50839D002E5351 /* Sign.swift in Sources */ = {isa = PBXBuildFile; fileRef = 091C7CDB1A50839D002E5351 /* Sign.swift */; };
		094298301EDDAA3B001236B1 /* Stream.swift in Sources */ = {isa = PBXBuildFile; fileRef = 0942982F1EDDAA3B001236B1 /* Stream.swift */; };
		094F21EA1A5017CA001C3141 /* Box.swift in Sources */ = {isa = PBXBuildFile; fileRef = 094F21E91A5017CA001C3141 /* Box.swift */; };
		095D80551A4ECCD7000B83F9 /* SodiumSwift.swift in Sources */ = {isa = PBXBuildFile; fileRef = 095D80541A4ECCD7000B83F9 /* SodiumSwift.swift */; };
		095D80571A4ED0B4000B83F9 /* GenericHash.swift in Sources */ = {isa = PBXBuildFile; fileRef = 095D80561A4ED0B4000B83F9 /* GenericHash.swift */; };
		095D805B1A4F35CA000B83F9 /* RandomBytes.swift in Sources */ = {isa = PBXBuildFile; fileRef = 095D805A1A4F35CA000B83F9 /* RandomBytes.swift */; };
		095D805D1A4F4F72000B83F9 /* Utils.swift in Sources */ = {isa = PBXBuildFile; fileRef = 095D805C1A4F4F72000B83F9 /* Utils.swift */; };
		097F20DA1AF127480088C2FE /* PWHash.swift in Sources */ = {isa = PBXBuildFile; fileRef = 097F20D91AF127480088C2FE /* PWHash.swift */; };
		09A5AC121F74466700D3200B /* SecretStream.swift in Sources */ = {isa = PBXBuildFile; fileRef = 09A5AC111F74466700D3200B /* SecretStream.swift */; };
		09A943D31A4EB5F500C8A04F /* Sodium.framework in Frameworks */ = {isa = PBXBuildFile; fileRef = 09A943C71A4EB5F500C8A04F /* Sodium.framework */; };
		09A943DA1A4EB5F500C8A04F /* SodiumTests.swift in Sources */ = {isa = PBXBuildFile; fileRef = 09A943D91A4EB5F500C8A04F /* SodiumTests.swift */; };
		32E232C9257BFB2900984087 /* Clibsodium.xcframework in Frameworks */ = {isa = PBXBuildFile; fileRef = 32E232C8257BFB2900984087 /* Clibsodium.xcframework */; };
		32E232CA257BFB2900984087 /* Clibsodium.xcframework in Embed Frameworks */ = {isa = PBXBuildFile; fileRef = 32E232C8257BFB2900984087 /* Clibsodium.xcframework */; settings = {ATTRIBUTES = (CodeSignOnCopy, RemoveHeadersOnCopy, ); }; };
		7D6373E21E7B5E0800F04E72 /* KeyExchange.swift in Sources */ = {isa = PBXBuildFile; fileRef = 7D6373E11E7B5E0800F04E72 /* KeyExchange.swift */; };
		A0918C781E92489100C1DC33 /* Auth.swift in Sources */ = {isa = PBXBuildFile; fileRef = A0918C771E92489100C1DC33 /* Auth.swift */; };
		D2A274061F13AD9300958702 /* KeyDerivation.swift in Sources */ = {isa = PBXBuildFile; fileRef = D2A274051F13AD9300958702 /* KeyDerivation.swift */; };
		D85101041E22EF5B003DB2E8 /* ReadmeTests.swift in Sources */ = {isa = PBXBuildFile; fileRef = D85101031E22EF5B003DB2E8 /* ReadmeTests.swift */; };
		DD1E4D0F20922C9E00BE7A3F /* ExitCode.swift in Sources */ = {isa = PBXBuildFile; fileRef = DD1E4D0E20922C9E00BE7A3F /* ExitCode.swift */; };
		DD35BB5020924A35006BF351 /* NonceGenerator.swift in Sources */ = {isa = PBXBuildFile; fileRef = DD35BB4F20924A35006BF351 /* NonceGenerator.swift */; };
		DD35BB5320924B6F006BF351 /* KeyPairGenerator.swift in Sources */ = {isa = PBXBuildFile; fileRef = DD35BB5220924B6F006BF351 /* KeyPairGenerator.swift */; };
		DD35BB5620924D3A006BF351 /* KeyPairProtocol.swift in Sources */ = {isa = PBXBuildFile; fileRef = DD35BB5520924D3A006BF351 /* KeyPairProtocol.swift */; };
		DD35BB5A20925566006BF351 /* SecretKeyGenerator.swift in Sources */ = {isa = PBXBuildFile; fileRef = DD35BB5920925566006BF351 /* SecretKeyGenerator.swift */; };
		DD35BB6320932A83006BF351 /* Bytes.swift in Sources */ = {isa = PBXBuildFile; fileRef = DD35BB6220932A83006BF351 /* Bytes.swift */; };
		F87EEC402063C655006C830D /* Aead.swift in Sources */ = {isa = PBXBuildFile; fileRef = F87EEC3F2063C655006C830D /* Aead.swift */; };
/* End PBXBuildFile section */

/* Begin PBXContainerItemProxy section */
		09A943D41A4EB5F500C8A04F /* PBXContainerItemProxy */ = {
			isa = PBXContainerItemProxy;
			containerPortal = 09A943BE1A4EB5F500C8A04F /* Project object */;
			proxyType = 1;
			remoteGlobalIDString = 09A943C61A4EB5F500C8A04F;
			remoteInfo = Sodium;
		};
/* End PBXContainerItemProxy section */

/* Begin PBXCopyFilesBuildPhase section */
		32E232CB257BFB2900984087 /* Embed Frameworks */ = {
			isa = PBXCopyFilesBuildPhase;
			buildActionMask = 2147483647;
			dstPath = "";
			dstSubfolderSpec = 10;
			files = (
				32E232CA257BFB2900984087 /* Clibsodium.xcframework in Embed Frameworks */,
			);
			name = "Embed Frameworks";
			runOnlyForDeploymentPostprocessing = 0;
		};
/* End PBXCopyFilesBuildPhase section */

/* Begin PBXFileReference section */
		038365141A5A51D20081136D /* SecretBox.swift */ = {isa = PBXFileReference; fileEncoding = 4; lastKnownFileType = sourcecode.swift; path = SecretBox.swift; sourceTree = "<group>"; };
		091C7CD91A507E95002E5351 /* ShortHash.swift */ = {isa = PBXFileReference; fileEncoding = 4; lastKnownFileType = sourcecode.swift; path = ShortHash.swift; sourceTree = "<group>"; };
		091C7CDB1A50839D002E5351 /* Sign.swift */ = {isa = PBXFileReference; fileEncoding = 4; lastKnownFileType = sourcecode.swift; path = Sign.swift; sourceTree = "<group>"; };
		0942982F1EDDAA3B001236B1 /* Stream.swift */ = {isa = PBXFileReference; fileEncoding = 4; lastKnownFileType = sourcecode.swift; path = Stream.swift; sourceTree = "<group>"; };
		094F21E91A5017CA001C3141 /* Box.swift */ = {isa = PBXFileReference; fileEncoding = 4; lastKnownFileType = sourcecode.swift; path = Box.swift; sourceTree = "<group>"; };
		095D80541A4ECCD7000B83F9 /* SodiumSwift.swift */ = {isa = PBXFileReference; fileEncoding = 4; lastKnownFileType = sourcecode.swift; path = SodiumSwift.swift; sourceTree = "<group>"; };
		095D80561A4ED0B4000B83F9 /* GenericHash.swift */ = {isa = PBXFileReference; fileEncoding = 4; lastKnownFileType = sourcecode.swift; path = GenericHash.swift; sourceTree = "<group>"; };
		095D805A1A4F35CA000B83F9 /* RandomBytes.swift */ = {isa = PBXFileReference; fileEncoding = 4; lastKnownFileType = sourcecode.swift; path = RandomBytes.swift; sourceTree = "<group>"; };
		095D805C1A4F4F72000B83F9 /* Utils.swift */ = {isa = PBXFileReference; fileEncoding = 4; lastKnownFileType = sourcecode.swift; path = Utils.swift; sourceTree = "<group>"; };
		097F20D91AF127480088C2FE /* PWHash.swift */ = {isa = PBXFileReference; fileEncoding = 4; lastKnownFileType = sourcecode.swift; path = PWHash.swift; sourceTree = "<group>"; };
		09A5AC111F74466700D3200B /* SecretStream.swift */ = {isa = PBXFileReference; lastKnownFileType = sourcecode.swift; path = SecretStream.swift; sourceTree = "<group>"; };
		09A943C71A4EB5F500C8A04F /* Sodium.framework */ = {isa = PBXFileReference; explicitFileType = wrapper.framework; includeInIndex = 0; path = Sodium.framework; sourceTree = BUILT_PRODUCTS_DIR; };
		09A943CB1A4EB5F500C8A04F /* Info.plist */ = {isa = PBXFileReference; lastKnownFileType = text.plist.xml; path = Info.plist; sourceTree = "<group>"; };
		09A943D21A4EB5F500C8A04F /* SodiumTests.xctest */ = {isa = PBXFileReference; explicitFileType = wrapper.cfbundle; includeInIndex = 0; path = SodiumTests.xctest; sourceTree = BUILT_PRODUCTS_DIR; };
		09A943D81A4EB5F500C8A04F /* Info.plist */ = {isa = PBXFileReference; lastKnownFileType = text.plist.xml; path = Info.plist; sourceTree = "<group>"; };
		09A943D91A4EB5F500C8A04F /* SodiumTests.swift */ = {isa = PBXFileReference; lastKnownFileType = sourcecode.swift; path = SodiumTests.swift; sourceTree = "<group>"; };
		32E232C8257BFB2900984087 /* Clibsodium.xcframework */ = {isa = PBXFileReference; lastKnownFileType = wrapper.xcframework; path = Clibsodium.xcframework; sourceTree = "<group>"; };
		53008F9725360973006FE4EF /* Info.plist */ = {isa = PBXFileReference; lastKnownFileType = text.plist.xml; path = Info.plist; sourceTree = "<group>"; };
		65437DA2203AF0610027D691 /* Package.swift */ = {isa = PBXFileReference; fileEncoding = 4; lastKnownFileType = sourcecode.swift; path = Package.swift; sourceTree = "<group>"; };
		7D6373E11E7B5E0800F04E72 /* KeyExchange.swift */ = {isa = PBXFileReference; fileEncoding = 4; lastKnownFileType = sourcecode.swift; path = KeyExchange.swift; sourceTree = "<group>"; };
		A0918C771E92489100C1DC33 /* Auth.swift */ = {isa = PBXFileReference; fileEncoding = 4; lastKnownFileType = sourcecode.swift; path = Auth.swift; sourceTree = "<group>"; };
		D2A274051F13AD9300958702 /* KeyDerivation.swift */ = {isa = PBXFileReference; fileEncoding = 4; lastKnownFileType = sourcecode.swift; path = KeyDerivation.swift; sourceTree = "<group>"; };
		D85101031E22EF5B003DB2E8 /* ReadmeTests.swift */ = {isa = PBXFileReference; fileEncoding = 4; lastKnownFileType = sourcecode.swift; path = ReadmeTests.swift; sourceTree = "<group>"; };
		D85101051E22F77E003DB2E8 /* README.md */ = {isa = PBXFileReference; lastKnownFileType = net.daringfireball.markdown; path = README.md; sourceTree = "<group>"; };
		DD1E4D0E20922C9E00BE7A3F /* ExitCode.swift */ = {isa = PBXFileReference; lastKnownFileType = sourcecode.swift; path = ExitCode.swift; sourceTree = "<group>"; };
		DD35BB4F20924A35006BF351 /* NonceGenerator.swift */ = {isa = PBXFileReference; lastKnownFileType = sourcecode.swift; path = NonceGenerator.swift; sourceTree = "<group>"; };
		DD35BB5220924B6F006BF351 /* KeyPairGenerator.swift */ = {isa = PBXFileReference; lastKnownFileType = sourcecode.swift; path = KeyPairGenerator.swift; sourceTree = "<group>"; };
		DD35BB5520924D3A006BF351 /* KeyPairProtocol.swift */ = {isa = PBXFileReference; lastKnownFileType = sourcecode.swift; path = KeyPairProtocol.swift; sourceTree = "<group>"; };
		DD35BB5920925566006BF351 /* SecretKeyGenerator.swift */ = {isa = PBXFileReference; lastKnownFileType = sourcecode.swift; path = SecretKeyGenerator.swift; sourceTree = "<group>"; };
		DD35BB6220932A83006BF351 /* Bytes.swift */ = {isa = PBXFileReference; lastKnownFileType = sourcecode.swift; path = Bytes.swift; sourceTree = "<group>"; };
		F87EEC3F2063C655006C830D /* Aead.swift */ = {isa = PBXFileReference; lastKnownFileType = sourcecode.swift; path = Aead.swift; sourceTree = "<group>"; };
/* End PBXFileReference section */

/* Begin PBXFrameworksBuildPhase section */
		09A943C31A4EB5F500C8A04F /* Frameworks */ = {
			isa = PBXFrameworksBuildPhase;
			buildActionMask = 2147483647;
			files = (
				32E232C9257BFB2900984087 /* Clibsodium.xcframework in Frameworks */,
			);
			runOnlyForDeploymentPostprocessing = 0;
		};
		09A943CF1A4EB5F500C8A04F /* Frameworks */ = {
			isa = PBXFrameworksBuildPhase;
			buildActionMask = 2147483647;
			files = (
				09A943D31A4EB5F500C8A04F /* Sodium.framework in Frameworks */,
			);
			runOnlyForDeploymentPostprocessing = 0;
		};
/* End PBXFrameworksBuildPhase section */

/* Begin PBXGroup section */
		09A943BD1A4EB5F500C8A04F = {
			isa = PBXGroup;
			children = (
				D85101051E22F77E003DB2E8 /* README.md */,
				65437DA2203AF0610027D691 /* Package.swift */,
				09A943C91A4EB5F500C8A04F /* Sodium */,
				09A943D61A4EB5F500C8A04F /* SodiumTests */,
				53008F9525360973006FE4EF /* Sodium */,
				09A943C81A4EB5F500C8A04F /* Products */,
				D891FE9C2164307B0092AA84 /* Frameworks */,
			);
			sourceTree = "<group>";
		};
		09A943C81A4EB5F500C8A04F /* Products */ = {
			isa = PBXGroup;
			children = (
				09A943C71A4EB5F500C8A04F /* Sodium.framework */,
				09A943D21A4EB5F500C8A04F /* SodiumTests.xctest */,
			);
			name = Products;
			sourceTree = "<group>";
		};
		09A943C91A4EB5F500C8A04F /* Sodium */ = {
			isa = PBXGroup;
			children = (
				09A943CA1A4EB5F500C8A04F /* Supporting Files */,
				094F21E91A5017CA001C3141 /* Box.swift */,
				DD35BB6220932A83006BF351 /* Bytes.swift */,
				DD35BB58209252BF006BF351 /* Generators */,
				DD1E4D0E20922C9E00BE7A3F /* ExitCode.swift */,
				038365141A5A51D20081136D /* SecretBox.swift */,
				0942982F1EDDAA3B001236B1 /* Stream.swift */,
				095D80561A4ED0B4000B83F9 /* GenericHash.swift */,
				097F20D91AF127480088C2FE /* PWHash.swift */,
				095D805A1A4F35CA000B83F9 /* RandomBytes.swift */,
				091C7CD91A507E95002E5351 /* ShortHash.swift */,
				091C7CDB1A50839D002E5351 /* Sign.swift */,
				095D80541A4ECCD7000B83F9 /* SodiumSwift.swift */,
				095D805C1A4F4F72000B83F9 /* Utils.swift */,
				7D6373E11E7B5E0800F04E72 /* KeyExchange.swift */,
				A0918C771E92489100C1DC33 /* Auth.swift */,
				D2A274051F13AD9300958702 /* KeyDerivation.swift */,
				09A5AC111F74466700D3200B /* SecretStream.swift */,
				F87EEC3F2063C655006C830D /* Aead.swift */,
			);
			path = Sodium;
			sourceTree = "<group>";
		};
		09A943CA1A4EB5F500C8A04F /* Supporting Files */ = {
			isa = PBXGroup;
			children = (
				09A943CB1A4EB5F500C8A04F /* Info.plist */,
			);
			name = "Supporting Files";
			sourceTree = "<group>";
		};
		09A943D61A4EB5F500C8A04F /* SodiumTests */ = {
			isa = PBXGroup;
			children = (
				09A943D91A4EB5F500C8A04F /* SodiumTests.swift */,
				D85101031E22EF5B003DB2E8 /* ReadmeTests.swift */,
				09A943D71A4EB5F500C8A04F /* Supporting Files */,
			);
			name = SodiumTests;
			path = Tests/SodiumTests;
			sourceTree = "<group>";
		};
		09A943D71A4EB5F500C8A04F /* Supporting Files */ = {
			isa = PBXGroup;
			children = (
				09A943D81A4EB5F500C8A04F /* Info.plist */,
			);
			name = "Supporting Files";
			sourceTree = "<group>";
		};
		53008F9525360973006FE4EF /* Sodium */ = {
			isa = PBXGroup;
			children = (
				53008F9725360973006FE4EF /* Info.plist */,
			);
			path = Sodium;
			sourceTree = "<group>";
		};
		D891FE9C2164307B0092AA84 /* Frameworks */ = {
			isa = PBXGroup;
			children = (
				32E232C8257BFB2900984087 /* Clibsodium.xcframework */,
			);
			name = Frameworks;
			sourceTree = "<group>";
		};
		DD35BB58209252BF006BF351 /* Generators */ = {
			isa = PBXGroup;
			children = (
				DD35BB4F20924A35006BF351 /* NonceGenerator.swift */,
				DD35BB5220924B6F006BF351 /* KeyPairGenerator.swift */,
				DD35BB5520924D3A006BF351 /* KeyPairProtocol.swift */,
				DD35BB5920925566006BF351 /* SecretKeyGenerator.swift */,
			);
			path = Generators;
			sourceTree = "<group>";
		};
/* End PBXGroup section */

/* Begin PBXHeadersBuildPhase section */
		09A943C41A4EB5F500C8A04F /* Headers */ = {
			isa = PBXHeadersBuildPhase;
			buildActionMask = 2147483647;
			files = (
			);
			runOnlyForDeploymentPostprocessing = 0;
		};
/* End PBXHeadersBuildPhase section */

/* Begin PBXNativeTarget section */
		09A943C61A4EB5F500C8A04F /* Sodium_iOS */ = {
			isa = PBXNativeTarget;
			buildConfigurationList = 09A943DD1A4EB5F500C8A04F /* Build configuration list for PBXNativeTarget "Sodium_iOS" */;
			buildPhases = (
				09A943C21A4EB5F500C8A04F /* Sources */,
				09A943C31A4EB5F500C8A04F /* Frameworks */,
				09A943C41A4EB5F500C8A04F /* Headers */,
				09A943C51A4EB5F500C8A04F /* Resources */,
				32E232CB257BFB2900984087 /* Embed Frameworks */,
			);
			buildRules = (
			);
			dependencies = (
			);
			name = Sodium_iOS;
			productName = Sodium;
			productReference = 09A943C71A4EB5F500C8A04F /* Sodium.framework */;
			productType = "com.apple.product-type.framework";
		};
		09A943D11A4EB5F500C8A04F /* SodiumTests */ = {
			isa = PBXNativeTarget;
			buildConfigurationList = 09A943E01A4EB5F500C8A04F /* Build configuration list for PBXNativeTarget "SodiumTests" */;
			buildPhases = (
				09A943CE1A4EB5F500C8A04F /* Sources */,
				09A943CF1A4EB5F500C8A04F /* Frameworks */,
				09A943D01A4EB5F500C8A04F /* Resources */,
			);
			buildRules = (
			);
			dependencies = (
				09A943D51A4EB5F500C8A04F /* PBXTargetDependency */,
			);
			name = SodiumTests;
			productName = SodiumTests;
			productReference = 09A943D21A4EB5F500C8A04F /* SodiumTests.xctest */;
			productType = "com.apple.product-type.bundle.unit-test";
		};
/* End PBXNativeTarget section */

/* Begin PBXProject section */
		09A943BE1A4EB5F500C8A04F /* Project object */ = {
			isa = PBXProject;
			attributes = {
				LastSwiftMigration = 0700;
				LastSwiftUpdateCheck = 1170;
				LastUpgradeCheck = 1220;
				ORGANIZATIONNAME = "Frank Denis";
				TargetAttributes = {
					09A943C61A4EB5F500C8A04F = {
						CreatedOnToolsVersion = 6.1.1;
						LastSwiftMigration = 1020;
						ProvisioningStyle = Automatic;
					};
					09A943D11A4EB5F500C8A04F = {
						CreatedOnToolsVersion = 6.1.1;
						LastSwiftMigration = "";
					};
				};
			};
			buildConfigurationList = 09A943C11A4EB5F500C8A04F /* Build configuration list for PBXProject "Sodium" */;
			compatibilityVersion = "Xcode 8.0";
			developmentRegion = en;
			hasScannedForEncodings = 0;
			knownRegions = (
				en,
				Base,
			);
			mainGroup = 09A943BD1A4EB5F500C8A04F;
			productRefGroup = 09A943C81A4EB5F500C8A04F /* Products */;
			projectDirPath = "";
			projectRoot = "";
			targets = (
				09A943C61A4EB5F500C8A04F /* Sodium_iOS */,
				09A943D11A4EB5F500C8A04F /* SodiumTests */,
			);
		};
/* End PBXProject section */

/* Begin PBXResourcesBuildPhase section */
		09A943C51A4EB5F500C8A04F /* Resources */ = {
			isa = PBXResourcesBuildPhase;
			buildActionMask = 2147483647;
			files = (
			);
			runOnlyForDeploymentPostprocessing = 0;
		};
		09A943D01A4EB5F500C8A04F /* Resources */ = {
			isa = PBXResourcesBuildPhase;
			buildActionMask = 2147483647;
			files = (
			);
			runOnlyForDeploymentPostprocessing = 0;
		};
/* End PBXResourcesBuildPhase section */

/* Begin PBXSourcesBuildPhase section */
		09A943C21A4EB5F500C8A04F /* Sources */ = {
			isa = PBXSourcesBuildPhase;
			buildActionMask = 2147483647;
			files = (
				7D6373E21E7B5E0800F04E72 /* KeyExchange.swift in Sources */,
				095D80551A4ECCD7000B83F9 /* SodiumSwift.swift in Sources */,
				097F20DA1AF127480088C2FE /* PWHash.swift in Sources */,
				DD1E4D0F20922C9E00BE7A3F /* ExitCode.swift in Sources */,
				038365151A5A51D20081136D /* SecretBox.swift in Sources */,
				095D805D1A4F4F72000B83F9 /* Utils.swift in Sources */,
				DD35BB5A20925566006BF351 /* SecretKeyGenerator.swift in Sources */,
				091C7CDC1A50839D002E5351 /* Sign.swift in Sources */,
				DD35BB5320924B6F006BF351 /* KeyPairGenerator.swift in Sources */,
				A0918C781E92489100C1DC33 /* Auth.swift in Sources */,
				094298301EDDAA3B001236B1 /* Stream.swift in Sources */,
				D2A274061F13AD9300958702 /* KeyDerivation.swift in Sources */,
				DD35BB6320932A83006BF351 /* Bytes.swift in Sources */,
				09A5AC121F74466700D3200B /* SecretStream.swift in Sources */,
				DD35BB5020924A35006BF351 /* NonceGenerator.swift in Sources */,
				091C7CDA1A507E95002E5351 /* ShortHash.swift in Sources */,
				095D805B1A4F35CA000B83F9 /* RandomBytes.swift in Sources */,
				095D80571A4ED0B4000B83F9 /* GenericHash.swift in Sources */,
				DD35BB5620924D3A006BF351 /* KeyPairProtocol.swift in Sources */,
				F87EEC402063C655006C830D /* Aead.swift in Sources */,
				094F21EA1A5017CA001C3141 /* Box.swift in Sources */,
			);
			runOnlyForDeploymentPostprocessing = 0;
		};
		09A943CE1A4EB5F500C8A04F /* Sources */ = {
			isa = PBXSourcesBuildPhase;
			buildActionMask = 2147483647;
			files = (
				09A943DA1A4EB5F500C8A04F /* SodiumTests.swift in Sources */,
				D85101041E22EF5B003DB2E8 /* ReadmeTests.swift in Sources */,
			);
			runOnlyForDeploymentPostprocessing = 0;
		};
/* End PBXSourcesBuildPhase section */

/* Begin PBXTargetDependency section */
		09A943D51A4EB5F500C8A04F /* PBXTargetDependency */ = {
			isa = PBXTargetDependency;
			target = 09A943C61A4EB5F500C8A04F /* Sodium_iOS */;
			targetProxy = 09A943D41A4EB5F500C8A04F /* PBXContainerItemProxy */;
		};
/* End PBXTargetDependency section */

/* Begin XCBuildConfiguration section */
		09A943DB1A4EB5F500C8A04F /* Debug */ = {
			isa = XCBuildConfiguration;
			buildSettings = {
				ALWAYS_SEARCH_USER_PATHS = NO;
				CLANG_ANALYZER_LOCALIZABILITY_NONLOCALIZED = YES;
				CLANG_CXX_LANGUAGE_STANDARD = "gnu++0x";
				CLANG_CXX_LIBRARY = "libc++";
				CLANG_ENABLE_MODULES = YES;
				CLANG_ENABLE_OBJC_ARC = YES;
				CLANG_WARN_BLOCK_CAPTURE_AUTORELEASING = YES;
				CLANG_WARN_BOOL_CONVERSION = YES;
				CLANG_WARN_COMMA = YES;
				CLANG_WARN_CONSTANT_CONVERSION = YES;
				CLANG_WARN_DEPRECATED_OBJC_IMPLEMENTATIONS = YES;
				CLANG_WARN_DIRECT_OBJC_ISA_USAGE = YES_ERROR;
				CLANG_WARN_EMPTY_BODY = YES;
				CLANG_WARN_ENUM_CONVERSION = YES;
				CLANG_WARN_INFINITE_RECURSION = YES;
				CLANG_WARN_INT_CONVERSION = YES;
				CLANG_WARN_NON_LITERAL_NULL_CONVERSION = YES;
				CLANG_WARN_OBJC_IMPLICIT_RETAIN_SELF = YES;
				CLANG_WARN_OBJC_LITERAL_CONVERSION = YES;
				CLANG_WARN_OBJC_ROOT_CLASS = YES_ERROR;
				CLANG_WARN_QUOTED_INCLUDE_IN_FRAMEWORK_HEADER = YES;
				CLANG_WARN_RANGE_LOOP_ANALYSIS = YES;
				CLANG_WARN_STRICT_PROTOTYPES = YES;
				CLANG_WARN_SUSPICIOUS_MOVE = YES;
				CLANG_WARN_UNREACHABLE_CODE = YES;
				CLANG_WARN__DUPLICATE_METHOD_MATCH = YES;
				"CODE_SIGN_IDENTITY[sdk=iphoneos*]" = "iPhone Developer";
				COPY_PHASE_STRIP = NO;
				CURRENT_PROJECT_VERSION = 1;
				ENABLE_BITCODE = YES;
				ENABLE_STRICT_OBJC_MSGSEND = YES;
				ENABLE_TESTABILITY = YES;
				GCC_C_LANGUAGE_STANDARD = gnu99;
				GCC_DYNAMIC_NO_PIC = NO;
				GCC_NO_COMMON_BLOCKS = YES;
				GCC_OPTIMIZATION_LEVEL = 0;
				GCC_PREPROCESSOR_DEFINITIONS = (
					"DEBUG=1",
					"$(inherited)",
				);
				GCC_SYMBOLS_PRIVATE_EXTERN = NO;
				GCC_WARN_64_TO_32_BIT_CONVERSION = YES;
				GCC_WARN_ABOUT_RETURN_TYPE = YES_ERROR;
				GCC_WARN_UNDECLARED_SELECTOR = YES;
				GCC_WARN_UNINITIALIZED_AUTOS = YES_AGGRESSIVE;
				GCC_WARN_UNUSED_FUNCTION = YES;
				GCC_WARN_UNUSED_VARIABLE = YES;
				IPHONEOS_DEPLOYMENT_TARGET = 12.0;
				MTL_ENABLE_DEBUG_INFO = YES;
				ONLY_ACTIVE_ARCH = YES;
				SDKROOT = iphoneos;
				SWIFT_OPTIMIZATION_LEVEL = "-Onone";
				SWIFT_VERSION = 4.2;
				TARGETED_DEVICE_FAMILY = "1,2";
				VERSIONING_SYSTEM = "apple-generic";
				VERSION_INFO_PREFIX = "";
			};
			name = Debug;
		};
		09A943DC1A4EB5F500C8A04F /* Release */ = {
			isa = XCBuildConfiguration;
			buildSettings = {
				ALWAYS_SEARCH_USER_PATHS = NO;
				CLANG_ANALYZER_LOCALIZABILITY_NONLOCALIZED = YES;
				CLANG_CXX_LANGUAGE_STANDARD = "gnu++0x";
				CLANG_CXX_LIBRARY = "libc++";
				CLANG_ENABLE_MODULES = YES;
				CLANG_ENABLE_OBJC_ARC = YES;
				CLANG_WARN_BLOCK_CAPTURE_AUTORELEASING = YES;
				CLANG_WARN_BOOL_CONVERSION = YES;
				CLANG_WARN_COMMA = YES;
				CLANG_WARN_CONSTANT_CONVERSION = YES;
				CLANG_WARN_DEPRECATED_OBJC_IMPLEMENTATIONS = YES;
				CLANG_WARN_DIRECT_OBJC_ISA_USAGE = YES_ERROR;
				CLANG_WARN_EMPTY_BODY = YES;
				CLANG_WARN_ENUM_CONVERSION = YES;
				CLANG_WARN_INFINITE_RECURSION = YES;
				CLANG_WARN_INT_CONVERSION = YES;
				CLANG_WARN_NON_LITERAL_NULL_CONVERSION = YES;
				CLANG_WARN_OBJC_IMPLICIT_RETAIN_SELF = YES;
				CLANG_WARN_OBJC_LITERAL_CONVERSION = YES;
				CLANG_WARN_OBJC_ROOT_CLASS = YES_ERROR;
				CLANG_WARN_QUOTED_INCLUDE_IN_FRAMEWORK_HEADER = YES;
				CLANG_WARN_RANGE_LOOP_ANALYSIS = YES;
				CLANG_WARN_STRICT_PROTOTYPES = YES;
				CLANG_WARN_SUSPICIOUS_MOVE = YES;
				CLANG_WARN_UNREACHABLE_CODE = YES;
				CLANG_WARN__DUPLICATE_METHOD_MATCH = YES;
				"CODE_SIGN_IDENTITY[sdk=iphoneos*]" = "iPhone Developer";
				COPY_PHASE_STRIP = YES;
				CURRENT_PROJECT_VERSION = 1;
				ENABLE_BITCODE = YES;
				ENABLE_NS_ASSERTIONS = NO;
				ENABLE_STRICT_OBJC_MSGSEND = YES;
				GCC_C_LANGUAGE_STANDARD = gnu99;
				GCC_NO_COMMON_BLOCKS = YES;
				GCC_WARN_64_TO_32_BIT_CONVERSION = YES;
				GCC_WARN_ABOUT_RETURN_TYPE = YES_ERROR;
				GCC_WARN_UNDECLARED_SELECTOR = YES;
				GCC_WARN_UNINITIALIZED_AUTOS = YES_AGGRESSIVE;
				GCC_WARN_UNUSED_FUNCTION = YES;
				GCC_WARN_UNUSED_VARIABLE = YES;
				IPHONEOS_DEPLOYMENT_TARGET = 12.0;
				MTL_ENABLE_DEBUG_INFO = NO;
				SDKROOT = iphoneos;
				SWIFT_COMPILATION_MODE = wholemodule;
				SWIFT_OPTIMIZATION_LEVEL = "-O";
				SWIFT_VERSION = 4.2;
				TARGETED_DEVICE_FAMILY = "1,2";
				VALIDATE_PRODUCT = YES;
				VERSIONING_SYSTEM = "apple-generic";
				VERSION_INFO_PREFIX = "";
			};
			name = Release;
		};
		09A943DE1A4EB5F500C8A04F /* Debug */ = {
			isa = XCBuildConfiguration;
			buildSettings = {
				BUILD_LIBRARY_FOR_DISTRIBUTION = YES;
				CLANG_ENABLE_MODULES = YES;
				"CODE_SIGN_IDENTITY[sdk=iphoneos*]" = "";
				CODE_SIGN_STYLE = Automatic;
				DEFINES_MODULE = YES;
				DEVELOPMENT_TEAM = "";
				DYLIB_COMPATIBILITY_VERSION = 1;
				DYLIB_CURRENT_VERSION = 1;
				DYLIB_INSTALL_NAME_BASE = "@rpath";
				HEADER_SEARCH_PATHS = "$(PROJECT_DIR)/Sodium";
				INFOPLIST_FILE = Sodium/Info.plist;
				INSTALL_PATH = "$(LOCAL_LIBRARY_DIR)/Frameworks";
				LD_RUNPATH_SEARCH_PATHS = (
					"$(inherited)",
					"@executable_path/Frameworks",
					"@loader_path/Frameworks",
				);
				LIBRARY_SEARCH_PATHS = "$(inherited)";
				PRODUCT_BUNDLE_IDENTIFIER = "org.pureftpd.swiftodium.$(PRODUCT_NAME:rfc1034identifier)";
				PRODUCT_NAME = Sodium;
				PROVISIONING_PROFILE_SPECIFIER = "";
				SKIP_INSTALL = YES;
				SUPPORTS_MACCATALYST = NO;
				SWIFT_INCLUDE_PATHS = "$(PROJECT_DIR)/Sodium";
				SWIFT_OPTIMIZATION_LEVEL = "-Onone";
				SWIFT_VERSION = 5.0;
			};
			name = Debug;
		};
		09A943DF1A4EB5F500C8A04F /* Release */ = {
			isa = XCBuildConfiguration;
			buildSettings = {
				BUILD_LIBRARY_FOR_DISTRIBUTION = YES;
				CLANG_ENABLE_MODULES = YES;
				"CODE_SIGN_IDENTITY[sdk=iphoneos*]" = "";
				CODE_SIGN_STYLE = Automatic;
				DEFINES_MODULE = YES;
				DEVELOPMENT_TEAM = "";
				DYLIB_COMPATIBILITY_VERSION = 1;
				DYLIB_CURRENT_VERSION = 1;
				DYLIB_INSTALL_NAME_BASE = "@rpath";
				HEADER_SEARCH_PATHS = "$(PROJECT_DIR)/Sodium";
				INFOPLIST_FILE = Sodium/Info.plist;
				INSTALL_PATH = "$(LOCAL_LIBRARY_DIR)/Frameworks";
				LD_RUNPATH_SEARCH_PATHS = (
					"$(inherited)",
					"@executable_path/Frameworks",
					"@loader_path/Frameworks",
				);
				LIBRARY_SEARCH_PATHS = "$(inherited)";
				PRODUCT_BUNDLE_IDENTIFIER = "org.pureftpd.swiftodium.$(PRODUCT_NAME:rfc1034identifier)";
				PRODUCT_NAME = Sodium;
				PROVISIONING_PROFILE_SPECIFIER = "";
				SKIP_INSTALL = YES;
				SUPPORTS_MACCATALYST = NO;
				SWIFT_INCLUDE_PATHS = "$(PROJECT_DIR)/Sodium";
				SWIFT_VERSION = 5.0;
			};
			name = Release;
		};
		09A943E11A4EB5F500C8A04F /* Debug */ = {
			isa = XCBuildConfiguration;
			buildSettings = {
				ENABLE_BITCODE = NO;
				GCC_PREPROCESSOR_DEFINITIONS = (
					"DEBUG=1",
					"$(inherited)",
				);
				INFOPLIST_FILE = Tests/SodiumTests/Info.plist;
				LD_RUNPATH_SEARCH_PATHS = (
					"$(inherited)",
					"@executable_path/Frameworks",
					"@loader_path/Frameworks",
				);
				PRODUCT_BUNDLE_IDENTIFIER = "org.pureftpd.swiftsodium.$(PRODUCT_NAME:rfc1034identifier)";
				PRODUCT_NAME = SodiumTests;
				SUPPORTS_MACCATALYST = NO;
				SWIFT_VERSION = 5.0;
			};
			name = Debug;
		};
		09A943E21A4EB5F500C8A04F /* Release */ = {
			isa = XCBuildConfiguration;
			buildSettings = {
				ENABLE_BITCODE = NO;
				INFOPLIST_FILE = Tests/SodiumTests/Info.plist;
				LD_RUNPATH_SEARCH_PATHS = (
					"$(inherited)",
					"@executable_path/Frameworks",
					"@loader_path/Frameworks",
				);
				PRODUCT_BUNDLE_IDENTIFIER = "org.pureftpd.swiftsodium.$(PRODUCT_NAME:rfc1034identifier)";
				PRODUCT_NAME = SodiumTests;
				SUPPORTS_MACCATALYST = NO;
				SWIFT_VERSION = 5.0;
			};
			name = Release;
		};
/* End XCBuildConfiguration section */

/* Begin XCConfigurationList section */
		09A943C11A4EB5F500C8A04F /* Build configuration list for PBXProject "Sodium" */ = {
			isa = XCConfigurationList;
			buildConfigurations = (
				09A943DB1A4EB5F500C8A04F /* Debug */,
				09A943DC1A4EB5F500C8A04F /* Release */,
			);
			defaultConfigurationIsVisible = 0;
			defaultConfigurationName = Release;
		};
		09A943DD1A4EB5F500C8A04F /* Build configuration list for PBXNativeTarget "Sodium_iOS" */ = {
			isa = XCConfigurationList;
			buildConfigurations = (
				09A943DE1A4EB5F500C8A04F /* Debug */,
				09A943DF1A4EB5F500C8A04F /* Release */,
			);
			defaultConfigurationIsVisible = 0;
			defaultConfigurationName = Release;
		};
		09A943E01A4EB5F500C8A04F /* Build configuration list for PBXNativeTarget "SodiumTests" */ = {
			isa = XCConfigurationList;
			buildConfigurations = (
				09A943E11A4EB5F500C8A04F /* Debug */,
				09A943E21A4EB5F500C8A04F /* Release */,
			);
			defaultConfigurationIsVisible = 0;
			defaultConfigurationName = Release;
		};
/* End XCConfigurationList section */
	};
	rootObject = 09A943BE1A4EB5F500C8A04F /* Project object */;
}
